// !$*UTF8*$!
{
	archiveVersion = 1;
	classes = {
	};
	objectVersion = 50;
	objects = {

/* Begin PBXBuildFile section */
		14029B101F0B492D00A7D19E /* AppDelegate.swift in Sources */ = {isa = PBXBuildFile; fileRef = 14029B0F1F0B492D00A7D19E /* AppDelegate.swift */; };
		14029B121F0B492D00A7D19E /* Main.storyboard in Resources */ = {isa = PBXBuildFile; fileRef = 14029B111F0B492D00A7D19E /* Main.storyboard */; };
		14029B141F0B492D00A7D19E /* LaunchScreen.storyboard in Resources */ = {isa = PBXBuildFile; fileRef = 14029B131F0B492D00A7D19E /* LaunchScreen.storyboard */; };
		14029B161F0B492D00A7D19E /* Assets.xcassets in Resources */ = {isa = PBXBuildFile; fileRef = 14029B151F0B492D00A7D19E /* Assets.xcassets */; };
		14029B181F0B492D00A7D19E /* Info.plist in Resources */ = {isa = PBXBuildFile; fileRef = 14029B171F0B492D00A7D19E /* Info.plist */; };
/* End PBXBuildFile section */

/* Begin PBXFileReference section */
		14029B0F1F0B492D00A7D19E /* AppDelegate.swift */ = {isa = PBXFileReference; lastKnownFileType = sourcecode.swift; path = AppDelegate.swift; sourceTree = "<group>"; };
		14029B111F0B492D00A7D19E /* Main.storyboard */ = {isa = PBXFileReference; lastKnownFileType = file.storyboard; path = Main.storyboard; sourceTree = "<group>"; };
		14029B131F0B492D00A7D19E /* LaunchScreen.storyboard */ = {isa = PBXFileReference; lastKnownFileType = file.storyboard; path = LaunchScreen.storyboard; sourceTree = "<group>"; };
		14029B151F0B492D00A7D19E /* Assets.xcassets */ = {isa = PBXFileReference; lastKnownFileType = folder.assetcatalog; path = Assets.xcassets; sourceTree = "<group>"; };
		14029B171F0B492D00A7D19E /* Info.plist */ = {isa = PBXFileReference; lastKnownFileType = text.plist.xml; path = Info.plist; sourceTree = "<group>"; };
		14029B1A1F0B492D00A7D19E /* Runner.app */ = {isa = PBXFileReference; explicitFileType = wrapper.application; includeInIndex = 0; path = Runner.app; sourceTree = BUILT_PRODUCTS_DIR; };
/* End PBXFileReference section */

/* Begin PBXFrameworksBuildPhase section */
		14029B0B1F0B492D00A7D19E /* Frameworks */ = {
			isa = PBXFrameworksBuildPhase;
			buildActionMask = 2147483647;
			files = (
			);
			runOnlyForDeploymentPostprocessing = 0;
		};
/* End PBXFrameworksBuildPhase section */

/* Begin PBXGroup section */
		14029B0A1F0B492D00A7D19E = {
			isa = PBXGroup;
			children = (
				14029B0F1F0B492D00A7D19E /* AppDelegate.swift */,
				14029B111F0B492D00A7D19E /* Main.storyboard */,
				14029B131F0B492D00A7D19E /* LaunchScreen.storyboard */,
				14029B151F0B492D00A7D19E /* Assets.xcassets */,
				14029B171F0B492D00A7D19E /* Info.plist */,
			);
			path = Runner;
			sourceTree = "<group>";
		};
/* End PBXGroup section */

/* Begin PBXNativeTarget section */
		14029B191F0B492D00A7D19E /* Runner */ = {
			isa = PBXNativeTarget;
			buildConfigurationList = 14029B231F0B492D00A7D19E /* Build configuration list for PBXNativeTarget "Runner" */;
			buildPhases = (
				14029B0B1F0B492D00A7D19E /* Frameworks */,
				14029B0D1F0B492D00A7D19E /* Resources */,
				14029B091F0B492D00A7D19E /* Sources */,
			);
			buildRules = (
			);
			dependencies = (
			);
			name = Runner;
			productName = Runner;
			productReference = 14029B1A1F0B492D00A7D19E /* Runner.app */;
			productType = "com.apple.product-type.application";
		};
/* End PBXNativeTarget section */

/* Begin PBXProject section */
		14029B041F0B492D00A7D19E /* Project object */ = {
			isa = PBXProject;
			attributes = {
				LastUpgradeCheck = 1200;
				TargetAttributes = {
					14029B191F0B492D00A7D19E = {
						CreatedOnToolsVersion = 12.0;
					};
				};
			};
			buildConfigurationList = 14029B071F0B492D00A7D19E /* Build configuration list for PBXProject "Runner" */;
			compatibilityVersion = "Xcode 9.3";
			developmentRegion = en;
			hasScannedForEncodings = 0;
			knownRegions = (
				en,
				Base,
			);
			mainGroup = 14029B0A1F0B492D00A7D19E;
			productRefGroup = 14029B0A1F0B492D00A7D19E;
			projectDirPath = "";
			projectRoot = "";
			targets = (
				14029B191F0B492D00A7D19E /* Runner */,
			);
		};
/* End PBXProject section */

/* Begin PBXResourcesBuildPhase section */
		14029B0D1F0B492D00A7D19E /* Resources */ = {
			isa = PBXResourcesBuildPhase;
			buildActionMask = 2147483647;
			files = (
				14029B121F0B492D00A7D19E /* Main.storyboard in Resources */,
				14029B141F0B492D00A7D19E /* LaunchScreen.storyboard in Resources */,
				14029B161F0B492D00A7D19E /* Assets.xcassets in Resources */,
				14029B181F0B492D00A7D19E /* Info.plist in Resources */,
			);
			runOnlyForDeploymentPostprocessing = 0;
		};
/* End PBXResourcesBuildPhase section */

/* Begin PBXSourcesBuildPhase section */
		14029B091F0B492D00A7D19E /* Sources */ = {
			isa = PBXSourcesBuildPhase;
			buildActionMask = 2147483647;
			files = (
				14029B101F0B492D00A7D19E /* AppDelegate.swift in Sources */,
			);
			runOnlyForDeploymentPostprocessing = 0;
		};
/* End PBXSourcesBuildPhase section */

/* Begin XCBuildConfiguration section */
		14029B201F0B492D00A7D19E /* Debug */ = {
			isa = XCBuildConfiguration;
			buildSettings = {
				ASSETCATALOG_COMPILER_APPICON_NAME = AppIcon;
				ASSETCATALOG_COMPILER_GLOBAL_ACCENT_COLOR_NAME = AccentColor;
				CODE_SIGN_IDENTITY = -;
				CODE_SIGN_STYLE = Automatic;
				CURRENT_PROJECT_VERSION = 1;
				DEVELOPMENT_TEAM = "";
				INFOPLIST_FILE = Runner/Info.plist;
				IPHONEOS_DEPLOYMENT_TARGET = 12.0;
				LD_RUNPATH_SEARCH_PATHS = (
					"$(inherited)",
					"@executable_path/Frameworks",
				);
				OTHER_LDFLAGS = (
					"-framework",
					"Flutter",
				);
				PRODUCT_BUNDLE_IDENTIFIER = com.example.sleep_password;
				PRODUCT_NAME = "$(TARGET_NAME)";
				SWIFT_EMIT_LOC_STRINGS = YES;
				SWIFT_VERSION = 5.0;
				TARGETED_DEVICE_FAMILY = "1,2";
			};
			name = Debug;
		};
		14029B211F0B492D00A7D19E /* Release */ = {
			isa = XCBuildConfiguration;
			buildSettings = {
				ASSETCATALOG_COMPILER_APPICON_NAME = AppIcon;
				ASSETCATALOG_COMPILER_GLOBAL_ACCENT_COLOR_NAME = AccentColor;
				CODE_SIGN_IDENTITY = -;
				CODE_SIGN_STYLE = Automatic;
				CURRENT_PROJECT_VERSION = 1;
				DEVELOPMENT_TEAM = "";
				INFOPLIST_FILE = Runner/Info.plist;
				IPHONEOS_DEPLOYMENT_TARGET = 12.0;
				LD_RUNPATH_SEARCH_PATHS = (
					"$(inherited)",
					"@executable_path/Frameworks",
				);
				OTHER_LDFLAGS = (
					"-framework",
					"Flutter",
				);
				PRODUCT_BUNDLE_IDENTIFIER = com.example.sleep_password;
				PRODUCT_NAME = "$(TARGET_NAME)";
				SWIFT_EMIT_LOC_STRINGS = YES;
				SWIFT_VERSION = 5.0;
				TARGETED_DEVICE_FAMILY = "1,2";
			};
			name = Release;
		};
		14029B241F0B492D00A7D19E /* Debug */ = {
			isa = XCBuildConfiguration;
			buildSettings = {
				ASSETCATALOG_COMPILER_APPICON_NAME = AppIcon;
				ASSETCATALOG_COMPILER_GLOBAL_ACCENT_COLOR_NAME = AccentColor;
				CODE_SIGN_IDENTITY = -;
				CODE_SIGN_STYLE = Automatic;
				CURRENT_PROJECT_VERSION = 1;
				DEVELOPMENT_TEAM = "";
				INFOPLIST_FILE = Runner/Info.plist;
				IPHONEOS_DEPLOYMENT_TARGET = 12.0;
				LD_RUNPATH_SEARCH_PATHS = (
					"$(inherited)",
					"@executable_path/Frameworks",
				);
				OTHER_LDFLAGS = (
					"-framework",
					"Flutter",
				);
				PRODUCT_BUNDLE_IDENTIFIER = com.example.sleep_password;
				PRODUCT_NAME = "$(TARGET_NAME)";
				SWIFT_EMIT_LOC_STRINGS = YES;
				SWIFT_VERSION = 5.0;
				TARGETED_DEVICE_FAMILY = "1,2";
			};
			name = Debug;
		};
		14029B251F0B492D00A7D19E /* Release */ = {
			isa = XCBuildConfiguration;
			buildSettings = {
				ASSETCATALOG_COMPILER_APPICON_NAME = AppIcon;
				ASSETCATALOG_COMPILER_GLOBAL_ACCENT_COLOR_NAME = AccentColor;
				CODE_SIGN_IDENTITY = -;
				CODE_SIGN_STYLE = Automatic;
				CURRENT_PROJECT_VERSION = 1;
				DEVELOPMENT_TEAM = "";
				INFOPLIST_FILE = Runner/Info.plist;
				IPHONEOS_DEPLOYMENT_TARGET = 12.0;
				LD_RUNPATH_SEARCH_PATHS = (
					"$(inherited)",
					"@executable_path/Frameworks",
				);
				OTHER_LDFLAGS = (
					"-framework",
					"Flutter",
				);
				PRODUCT_BUNDLE_IDENTIFIER = com.example.sleep_password;
				PRODUCT_NAME = "$(TARGET_NAME)";
				SWIFT_EMIT_LOC_STRINGS = YES;
				SWIFT_VERSION = 5.0;
				TARGETED_DEVICE_FAMILY = "1,2";
			};
			name = Release;
		};
/* End XCBuildConfiguration section */

/* Begin XCConfigurationList section */
		14029B071F0B492D00A7D19E /* Build configuration list for PBXProject "Runner" */ = {
			isa = XCConfigurationList;
			buildConfigurations = (
				14029B241F0B492D00A7D19E /* Debug */,
				14029B251F0B492D00A7D19E /* Release */,
			);
			defaultConfigurationIsVisible = 0;
			defaultConfigurationName = Release;
		};
		14029B231F0B492D00A7D19E /* Build configuration list for PBXNativeTarget "Runner" */ = {
			isa = XCConfigurationList;
			buildConfigurations = (
				14029B201F0B492D00A7D19E /* Debug */,
				14029B211F0B492D00A7D19E /* Release */,
			);
			defaultConfigurationIsVisible = 0;
			defaultConfigurationName = Release;
		};
/* End XCConfigurationList section */
	};
	rootObject = 14029B041F0B492D00A7D19E /* Project object */;
}
